<?xml version="1.0" encoding="utf-8"?>
<Project ToolsVersion="4.0" xmlns="http://schemas.microsoft.com/developer/msbuild/2003">
  <ItemGroup>
    <Filter Include="include">
      <UniqueIdentifier>{fd5ca4e5-0163-47ee-8c03-072b0e074d36}</UniqueIdentifier>
    </Filter>
    <Filter Include="src">
      <UniqueIdentifier>{2e313868-ec7c-491a-b0ed-ea94f98d061a}</UniqueIdentifier>
    </Filter>
    <Filter Include="docs">
      <UniqueIdentifier>{610b80f6-67b2-4263-a374-7acb158a737f}</UniqueIdentifier>
    </Filter>
  </ItemGroup>
  <ItemGroup>
    <ClInclude Include="..\include\zArray.h">
      <Filter>include</Filter>
    </ClInclude>
    <ClInclude Include="..\include\zBuffer.h">
      <Filter>include</Filter>
    </ClInclude>
    <ClInclude Include="..\include\zCommon.h">
      <Filter>include</Filter>
    </ClInclude>
    <ClInclude Include="..\include\zEvent.h">
      <Filter>include</Filter>
    </ClInclude>
    <ClInclude Include="..\include\zFile.h">
      <Filter>include</Filter>
    </ClInclude>
    <ClInclude Include="..\include\zLogger.h">
      <Filter>include</Filter>
    </ClInclude>
    <ClInclude Include="..\include\zLoggerAppender.h">
      <Filter>include</Filter>
    </ClInclude>
    <ClInclude Include="..\include\zLoggerAppenderConsole.h">
      <Filter>include</Filter>
    </ClInclude>
    <ClInclude Include="..\include\zMutex.h">
      <Filter>include</Filter>
    </ClInclude>
    <ClInclude Include="..\include\zObject.h">
      <Filter>include</Filter>
    </ClInclude>
    <ClInclude Include="..\include\zRandom.h">
      <Filter>include</Filter>
    </ClInclude>
    <ClInclude Include="..\include\zReference.h">
      <Filter>include</Filter>
    </ClInclude>
    <ClInclude Include="..\include\zRunnable.h">
      <Filter>include</Filter>
    </ClInclude>
    <ClInclude Include="..\include\zScopeMutex.h">
      <Filter>include</Filter>
    </ClInclude>
    <ClInclude Include="..\include\zStream.h">
      <Filter>include</Filter>
    </ClInclude>
    <ClInclude Include="..\include\zString.h">
      <Filter>include</Filter>
    </ClInclude>
    <ClInclude Include="..\include\zStringBuilder.h">
      <Filter>include</Filter>
    </ClInclude>
    <ClInclude Include="..\include\zStringTokenizer.h">
      <Filter>include</Filter>
    </ClInclude>
    <ClInclude Include="..\include\zTest.h">
      <Filter>include</Filter>
    </ClInclude>
    <ClInclude Include="..\include\zTester.h">
      <Filter>include</Filter>
    </ClInclude>
    <ClInclude Include="..\include\zThread.h">
      <Filter>include</Filter>
    </ClInclude>
    <ClInclude Include="..\include\zConsole.h">
      <Filter>include</Filter>
    </ClInclude>
    <ClInclude Include="..\include\zGetOpt.h">
      <Filter>include</Filter>
    </ClInclude>
  </ItemGroup>
  <ItemGroup>
    <ClCompile Include="..\src\zBuffer.cpp">
      <Filter>src</Filter>
    </ClCompile>
    <ClCompile Include="..\src\zEvent.cpp">
      <Filter>src</Filter>
    </ClCompile>
    <ClCompile Include="..\src\zFile.cpp">
      <Filter>src</Filter>
    </ClCompile>
    <ClCompile Include="..\src\zLogger.cpp">
      <Filter>src</Filter>
    </ClCompile>
    <ClCompile Include="..\src\zLoggerAppender.cpp">
      <Filter>src</Filter>
    </ClCompile>
    <ClCompile Include="..\src\zLoggerAppenderConsole.cpp">
      <Filter>src</Filter>
    </ClCompile>
    <ClCompile Include="..\src\zMutex.cpp">
      <Filter>src</Filter>
    </ClCompile>
    <ClCompile Include="..\src\zObject.cpp">
      <Filter>src</Filter>
    </ClCompile>
    <ClCompile Include="..\src\zRandom.cpp">
      <Filter>src</Filter>
    </ClCompile>
    <ClCompile Include="..\src\zReference.cpp">
      <Filter>src</Filter>
    </ClCompile>
    <ClCompile Include="..\src\zScopeMutex.cpp">
      <Filter>src</Filter>
    </ClCompile>
    <ClCompile Include="..\src\zString.cpp">
      <Filter>src</Filter>
    </ClCompile>
    <ClCompile Include="..\src\zStringBuilder.cpp">
      <Filter>src</Filter>
    </ClCompile>
    <ClCompile Include="..\src\zStringTokenizer.cpp">
      <Filter>src</Filter>
    </ClCompile>
    <ClCompile Include="..\src\zTester.cpp">
      <Filter>src</Filter>
    </ClCompile>
    <ClCompile Include="..\src\zThread.cpp">
      <Filter>src</Filter>
    </ClCompile>
    <ClCompile Include="..\src\zConsole.cpp">
      <Filter>src</Filter>
    </ClCompile>
    <ClCompile Include="..\src\zGetOpt.cpp">
      <Filter>src</Filter>
    </ClCompile>
  </ItemGroup>
  <ItemGroup>
    <None Include="..\config.h.in" />
  </ItemGroup>
  <ItemGroup>
    <Text Include="..\docs\Arch.txt">
      <Filter>docs</Filter>
    </Text>
    <Text Include="..\docs\dmalloc.txt">
      <Filter>docs</Filter>
    </Text>
    <Text Include="..\docs\Features.txt">
      <Filter>docs</Filter>
    </Text>
    <Text Include="..\docs\Overview.txt">
      <Filter>docs</Filter>
    </Text>
  </ItemGroup>
</Project>