<?xml version="1.0" encoding="utf-8"?>
<Project ToolsVersion="4.0" xmlns="http://schemas.microsoft.com/developer/msbuild/2003">
  <ItemGroup>
    <Filter Include="tests">
      <UniqueIdentifier>{e945db5a-d1bc-4139-9e53-d0ff3dd67c77}</UniqueIdentifier>
    </Filter>
  </ItemGroup>
  <ItemGroup>
    <ClCompile Include="..\tests\main.cpp">
      <Filter>tests</Filter>
    </ClCompile>
    <ClCompile Include="..\tests\zArrayTest.cpp">
      <Filter>tests</Filter>
    </ClCompile>
    <ClCompile Include="..\tests\zBufferTest.cpp">
      <Filter>tests</Filter>
    </ClCompile>
    <ClCompile Include="..\tests\zFileTest.cpp">
      <Filter>tests</Filter>
    </ClCompile>
    <ClCompile Include="..\tests\zStringTest.cpp">
      <Filter>tests</Filter>
    </ClCompile>
    <ClCompile Include="..\tests\zStrTokTest.cpp">
      <Filter>tests</Filter>
    </ClCompile>
    <ClCompile Include="..\tests\zTestTest.cpp">
      <Filter>tests</Filter>
    </ClCompile>
    <ClCompile Include="..\tests\zThreadTest.cpp">
      <Filter>tests</Filter>
    </ClCompile>
    <ClCompile Include="..\tests\zGetOptTest.cpp">
      <Filter>tests</Filter>
    </ClCompile>
  </ItemGroup>
  <ItemGroup>
    <ClInclude Include="..\tests\zArrayTest.h">
      <Filter>tests</Filter>
    </ClInclude>
    <ClInclude Include="..\tests\zBufferTest.h">
      <Filter>tests</Filter>
    </ClInclude>
    <ClInclude Include="..\tests\zFileTest.h">
      <Filter>tests</Filter>
    </ClInclude>
    <ClInclude Include="..\tests\zStringTest.h">
      <Filter>tests</Filter>
    </ClInclude>
    <ClInclude Include="..\tests\zStrTokTest.h">
      <Filter>tests</Filter>
    </ClInclude>
    <ClInclude Include="..\tests\zTestTest.h">
      <Filter>tests</Filter>
    </ClInclude>
    <ClInclude Include="..\tests\zThreadTest.h">
      <Filter>tests</Filter>
    </ClInclude>
    <ClInclude Include="..\tests\zGetOptTest.h">
      <Filter>tests</Filter>
    </ClInclude>
  </ItemGroup>
</Project>